github.com/Shopify/sarama v1.9.1-0.20160615183640-19422bf56497 h1:Bu+QqTbgLVaAv8zAXPOvR7y0TbYQm0qoctXO9cPe2v4=
github.com/Shopify/sarama v1.9.1-0.20160615183640-19422bf56497/go.mod h1:FVkBWblsNy7DGZRfXLU0O9RCGt5g3g3yEuWXgklEdEo=
github.com/Shopify/toxiproxy v2.1.4+incompatible h1:TKdv8HiTLgE5wdJuEML90aBgNWsokNbMijUGhmcoBJc=
github.com/Shopify/toxiproxy v2.1.4+incompatible/go.mod h1:OXgGpZ6Cli1/URJOF1DMxUHB2q5Ap20/P/eIdh4G0pI=
github.com/davecgh/go-spew v0.0.0-20151105211317-5215b55f46b2 h1:5zdDAMuB3gvbHB1m2BZT9+t9w+xaBmK3ehb7skDXcwM=
github.com/davecgh/go-spew v0.0.0-20151105211317-5215b55f46b2/go.mod h1:J7Y8YcW2NihsgmVo/mv3lAwl/skON4iLHjSsI+c5H38=
github.com/eapache/go-resiliency v1.0.1-0.20160104191539-b86b1ec0dd42 h1:6obbp/qkZVAZ9jiUZFo5Oa+TXX2ztNDFYdVUUd9z7Cw=
github.com/eapache/go-resiliency v1.0.1-0.20160104191539-b86b1ec0dd42/go.mod h1:kFI+JgMyC7bLPUVY133qvEBtVayf5mFgVsvEsIPBvNs=
github.com/eapache/go-xerial-snappy v0.0.0-20160609142408-bb955e01b934 h1:oGLoaVIefp3tiOgi7+KInR/nNPvEpPM6GFo+El7fd14=
github.com/eapache/go-xerial-snappy v0.0.0-20160609142408-bb955e01b934/go.mod h1:+020luEh2TKB4/GOp8oxxtq0Daoen/Cii55CzbTV6DU=
github.com/eapache/queue v1.0.2 h1:jRJXCx6uciOfN69MfZCC9EZlGRqqHhwlyb6GBeNow+c=
github.com/eapache/queue v1.0.2/go.mod h1:6eCeP0CKFpHLu8blIFXhExK/dRa7WDZfr6jVFPTqq+I=
github.com/golang/snappy v0.0.0-20160529050041-d9eb7a3d35ec h1:ZaSUjYC8aWT/om43c8YVz0SqjT8ABtqw7REbZGsCroE=
github.com/golang/snappy v0.0.0-20160529050041-d9eb7a3d35ec/go.mod h1:/XxbfmMg8lxefKM7IXC3fBNl/7bRcc72aCRzEWrmP2Q=
github.com/klauspost/crc32 v0.0.0-20160219142609-19b0b332c9e4 h1:0jrD8pR/1NKAvCBLkGl3sBjJbSiUwHKvqrXChkVIDPQ=
github.com/klauspost/crc32 v0.0.0-20160219142609-19b0b332c9e4/go.mod h1:+ZoRqAPRLkC4NPOvfYeR5KNOrY6TD+/sAC3HXPZgDYg=
